# This file was autogenerated by Stack.
# You should not edit this file by hand.
# For more information, please see the documentation at:
#   https://docs.haskellstack.org/en/stable/lock_files

packages:
- completed:
    hackage: nri-prelude-0.6.0.6@sha256:4ccc7488149a0401a9241c9b64db22c48a8639afaae11cffb263da5226e8acde,5289
    pantry-tree:
      sha256: 6239594630b98acbb05c4c137abca9ea4c067016a1c937478f5012257685b5d9
      size: 2872
  original:
    hackage: nri-prelude-0.6.0.6@sha256:4ccc7488149a0401a9241c9b64db22c48a8639afaae11cffb263da5226e8acde,5289
snapshots:
- completed:
    sha256: 8809197159ce65ec2d66f91982e4844ad0c2cbd1126df42146dd103c0ea6cac0
    size: 640063
    url: https://raw.githubusercontent.com/commercialhaskell/stackage-snapshots/master/lts/21/23.yaml
  original:
    url: https://raw.githubusercontent.com/commercialhaskell/stackage-snapshots/master/lts/21/23.yaml
